
Microsoft Visual Studio Solution File, Format Version 12.00
# Visual Studio 15
VisualStudioVersion = 15.0.28307.572
MinimumVisualStudioVersion = 10.0.40219.1
Project("{8BC9CEB8-8B4A-11D0-8D11-00A0C91BC942}") = "Services", "Services\Services.vcxproj", "{4C846AE6-C691-46F1-829E-817DED61AA1A}"
	ProjectSection(ProjectDependencies) = postProject
		{7C6498E5-32EC-4700-B865-5A27B74C4BE2} = {7C6498E5-32EC-4700-B865-5A27B74C4BE2}
	EndProjectSection
EndProject
Project("{8BC9CEB8-8B4A-11D0-8D11-00A0C91BC942}") = "ServicesUtils", "ServicesUtils\ServicesUtils.vcxproj", "{7C6498E5-32EC-4700-B865-5A27B74C4BE2}"
EndProject
Project("{8BC9CEB8-8B4A-11D0-8D11-00A0C91BC942}") = "GPS", "GPS\GPS.vcxproj", "{B1D336C6-7D7B-43FE-B018-3E138ADFE2E8}"
EndProject
Project("{8BC9CEB8-8B4A-11D0-8D11-00A0C91BC942}") = "Trigger", "Trigger\Trigger.vcxproj", "{3EFDC8DC-35D1-433E-8613-298D31357821}"
EndProject
Project("{8BC9CEB8-8B4A-11D0-8D11-00A0C91BC942}") = "Radar", "Radar\Radar.vcxproj", "{E3CB3B02-E3F9-4F14-B40B-B11FAF1429A1}"
EndProject
Project("{8BC9CEB8-8B4A-11D0-8D11-00A0C91BC942}") = "GPIO-pic", "GPIO-pic\GPIO-pic.vcxproj", "{DF03E0F7-5B46-4EAB-8F4C-ADF83AFC5B85}"
EndProject
Project("{8BC9CEB8-8B4A-11D0-8D11-00A0C91BC942}") = "pic-Simulator", "pic-Simulator\pic-Simulator.vcxproj", "{1A707294-4654-4976-8D67-964E42767CFB}"
EndProject
Project("{8BC9CEB8-8B4A-11D0-8D11-00A0C91BC942}") = "Camera", "Camera\Camera.vcxproj", "{9A84850A-6A32-4B50-BF6D-8140FDC1BE74}"
EndProject
Global
	GlobalSection(SolutionConfigurationPlatforms) = preSolution
		Debug|ARM = Debug|ARM
		Debug|ARM64 = Debug|ARM64
		Debug|x64 = Debug|x64
		Debug|x86 = Debug|x86
		Release|ARM = Release|ARM
		Release|ARM64 = Release|ARM64
		Release|x64 = Release|x64
		Release|x86 = Release|x86
	EndGlobalSection
	GlobalSection(ProjectConfigurationPlatforms) = postSolution
		{4C846AE6-C691-46F1-829E-817DED61AA1A}.Debug|ARM.ActiveCfg = Debug|ARM
		{4C846AE6-C691-46F1-829E-817DED61AA1A}.Debug|ARM.Build.0 = Debug|ARM
		{4C846AE6-C691-46F1-829E-817DED61AA1A}.Debug|ARM64.ActiveCfg = Debug|ARM64
		{4C846AE6-C691-46F1-829E-817DED61AA1A}.Debug|ARM64.Build.0 = Debug|ARM64
		{4C846AE6-C691-46F1-829E-817DED61AA1A}.Debug|x64.ActiveCfg = Debug|x64
		{4C846AE6-C691-46F1-829E-817DED61AA1A}.Debug|x64.Build.0 = Debug|x64
		{4C846AE6-C691-46F1-829E-817DED61AA1A}.Debug|x86.ActiveCfg = Debug|x86
		{4C846AE6-C691-46F1-829E-817DED61AA1A}.Debug|x86.Build.0 = Debug|x86
		{4C846AE6-C691-46F1-829E-817DED61AA1A}.Release|ARM.ActiveCfg = Release|ARM
		{4C846AE6-C691-46F1-829E-817DED61AA1A}.Release|ARM.Build.0 = Release|ARM
		{4C846AE6-C691-46F1-829E-817DED61AA1A}.Release|ARM64.ActiveCfg = Release|ARM64
		{4C846AE6-C691-46F1-829E-817DED61AA1A}.Release|ARM64.Build.0 = Release|ARM64
		{4C846AE6-C691-46F1-829E-817DED61AA1A}.Release|x64.ActiveCfg = Release|x64
		{4C846AE6-C691-46F1-829E-817DED61AA1A}.Release|x64.Build.0 = Release|x64
		{4C846AE6-C691-46F1-829E-817DED61AA1A}.Release|x86.ActiveCfg = Release|x86
		{4C846AE6-C691-46F1-829E-817DED61AA1A}.Release|x86.Build.0 = Release|x86
		{7C6498E5-32EC-4700-B865-5A27B74C4BE2}.Debug|ARM.ActiveCfg = Debug|ARM
		{7C6498E5-32EC-4700-B865-5A27B74C4BE2}.Debug|ARM.Build.0 = Debug|ARM
		{7C6498E5-32EC-4700-B865-5A27B74C4BE2}.Debug|ARM64.ActiveCfg = Debug|ARM64
		{7C6498E5-32EC-4700-B865-5A27B74C4BE2}.Debug|ARM64.Build.0 = Debug|ARM64
		{7C6498E5-32EC-4700-B865-5A27B74C4BE2}.Debug|x64.ActiveCfg = Debug|x64
		{7C6498E5-32EC-4700-B865-5A27B74C4BE2}.Debug|x64.Build.0 = Debug|x64
		{7C6498E5-32EC-4700-B865-5A27B74C4BE2}.Debug|x86.ActiveCfg = Debug|x86
		{7C6498E5-32EC-4700-B865-5A27B74C4BE2}.Debug|x86.Build.0 = Debug|x86
		{7C6498E5-32EC-4700-B865-5A27B74C4BE2}.Release|ARM.ActiveCfg = Release|ARM
		{7C6498E5-32EC-4700-B865-5A27B74C4BE2}.Release|ARM.Build.0 = Release|ARM
		{7C6498E5-32EC-4700-B865-5A27B74C4BE2}.Release|ARM64.ActiveCfg = Release|ARM64
		{7C6498E5-32EC-4700-B865-5A27B74C4BE2}.Release|ARM64.Build.0 = Release|ARM64
		{7C6498E5-32EC-4700-B865-5A27B74C4BE2}.Release|x64.ActiveCfg = Release|x64
		{7C6498E5-32EC-4700-B865-5A27B74C4BE2}.Release|x64.Build.0 = Release|x64
		{7C6498E5-32EC-4700-B865-5A27B74C4BE2}.Release|x86.ActiveCfg = Release|x86
		{7C6498E5-32EC-4700-B865-5A27B74C4BE2}.Release|x86.Build.0 = Release|x86
		{B1D336C6-7D7B-43FE-B018-3E138ADFE2E8}.Debug|ARM.ActiveCfg = Debug|ARM
		{B1D336C6-7D7B-43FE-B018-3E138ADFE2E8}.Debug|ARM.Build.0 = Debug|ARM
		{B1D336C6-7D7B-43FE-B018-3E138ADFE2E8}.Debug|ARM64.ActiveCfg = Debug|ARM64
		{B1D336C6-7D7B-43FE-B018-3E138ADFE2E8}.Debug|ARM64.Build.0 = Debug|ARM64
		{B1D336C6-7D7B-43FE-B018-3E138ADFE2E8}.Debug|x64.ActiveCfg = Debug|x64
		{B1D336C6-7D7B-43FE-B018-3E138ADFE2E8}.Debug|x64.Build.0 = Debug|x64
		{B1D336C6-7D7B-43FE-B018-3E138ADFE2E8}.Debug|x86.ActiveCfg = Debug|x86
		{B1D336C6-7D7B-43FE-B018-3E138ADFE2E8}.Debug|x86.Build.0 = Debug|x86
		{B1D336C6-7D7B-43FE-B018-3E138ADFE2E8}.Release|ARM.ActiveCfg = Release|ARM
		{B1D336C6-7D7B-43FE-B018-3E138ADFE2E8}.Release|ARM.Build.0 = Release|ARM
		{B1D336C6-7D7B-43FE-B018-3E138ADFE2E8}.Release|ARM64.ActiveCfg = Release|ARM64
		{B1D336C6-7D7B-43FE-B018-3E138ADFE2E8}.Release|ARM64.Build.0 = Release|ARM64
		{B1D336C6-7D7B-43FE-B018-3E138ADFE2E8}.Release|x64.ActiveCfg = Release|x64
		{B1D336C6-7D7B-43FE-B018-3E138ADFE2E8}.Release|x64.Build.0 = Release|x64
		{B1D336C6-7D7B-43FE-B018-3E138ADFE2E8}.Release|x86.ActiveCfg = Release|x86
		{B1D336C6-7D7B-43FE-B018-3E138ADFE2E8}.Release|x86.Build.0 = Release|x86
		{3EFDC8DC-35D1-433E-8613-298D31357821}.Debug|ARM.ActiveCfg = Debug|ARM
		{3EFDC8DC-35D1-433E-8613-298D31357821}.Debug|ARM.Build.0 = Debug|ARM
		{3EFDC8DC-35D1-433E-8613-298D31357821}.Debug|ARM64.ActiveCfg = Debug|ARM64
		{3EFDC8DC-35D1-433E-8613-298D31357821}.Debug|ARM64.Build.0 = Debug|ARM64
		{3EFDC8DC-35D1-433E-8613-298D31357821}.Debug|x64.ActiveCfg = Debug|x64
		{3EFDC8DC-35D1-433E-8613-298D31357821}.Debug|x64.Build.0 = Debug|x64
		{3EFDC8DC-35D1-433E-8613-298D31357821}.Debug|x86.ActiveCfg = Debug|x86
		{3EFDC8DC-35D1-433E-8613-298D31357821}.Debug|x86.Build.0 = Debug|x86
		{3EFDC8DC-35D1-433E-8613-298D31357821}.Release|ARM.ActiveCfg = Release|ARM
		{3EFDC8DC-35D1-433E-8613-298D31357821}.Release|ARM.Build.0 = Release|ARM
		{3EFDC8DC-35D1-433E-8613-298D31357821}.Release|ARM64.ActiveCfg = Release|ARM64
		{3EFDC8DC-35D1-433E-8613-298D31357821}.Release|ARM64.Build.0 = Release|ARM64
		{3EFDC8DC-35D1-433E-8613-298D31357821}.Release|x64.ActiveCfg = Release|x64
		{3EFDC8DC-35D1-433E-8613-298D31357821}.Release|x64.Build.0 = Release|x64
		{3EFDC8DC-35D1-433E-8613-298D31357821}.Release|x86.ActiveCfg = Release|x86
		{3EFDC8DC-35D1-433E-8613-298D31357821}.Release|x86.Build.0 = Release|x86
		{E3CB3B02-E3F9-4F14-B40B-B11FAF1429A1}.Debug|ARM.ActiveCfg = Debug|ARM
		{E3CB3B02-E3F9-4F14-B40B-B11FAF1429A1}.Debug|ARM.Build.0 = Debug|ARM
		{E3CB3B02-E3F9-4F14-B40B-B11FAF1429A1}.Debug|ARM64.ActiveCfg = Debug|ARM64
		{E3CB3B02-E3F9-4F14-B40B-B11FAF1429A1}.Debug|ARM64.Build.0 = Debug|ARM64
		{E3CB3B02-E3F9-4F14-B40B-B11FAF1429A1}.Debug|x64.ActiveCfg = Debug|x64
		{E3CB3B02-E3F9-4F14-B40B-B11FAF1429A1}.Debug|x64.Build.0 = Debug|x64
		{E3CB3B02-E3F9-4F14-B40B-B11FAF1429A1}.Debug|x86.ActiveCfg = Debug|x86
		{E3CB3B02-E3F9-4F14-B40B-B11FAF1429A1}.Debug|x86.Build.0 = Debug|x86
		{E3CB3B02-E3F9-4F14-B40B-B11FAF1429A1}.Release|ARM.ActiveCfg = Release|ARM
		{E3CB3B02-E3F9-4F14-B40B-B11FAF1429A1}.Release|ARM.Build.0 = Release|ARM
		{E3CB3B02-E3F9-4F14-B40B-B11FAF1429A1}.Release|ARM64.ActiveCfg = Release|ARM64
		{E3CB3B02-E3F9-4F14-B40B-B11FAF1429A1}.Release|ARM64.Build.0 = Release|ARM64
		{E3CB3B02-E3F9-4F14-B40B-B11FAF1429A1}.Release|x64.ActiveCfg = Release|x64
		{E3CB3B02-E3F9-4F14-B40B-B11FAF1429A1}.Release|x64.Build.0 = Release|x64
		{E3CB3B02-E3F9-4F14-B40B-B11FAF1429A1}.Release|x86.ActiveCfg = Release|x86
		{E3CB3B02-E3F9-4F14-B40B-B11FAF1429A1}.Release|x86.Build.0 = Release|x86
		{DF03E0F7-5B46-4EAB-8F4C-ADF83AFC5B85}.Debug|ARM.ActiveCfg = Debug|ARM
		{DF03E0F7-5B46-4EAB-8F4C-ADF83AFC5B85}.Debug|ARM.Build.0 = Debug|ARM
		{DF03E0F7-5B46-4EAB-8F4C-ADF83AFC5B85}.Debug|ARM64.ActiveCfg = Debug|ARM64
		{DF03E0F7-5B46-4EAB-8F4C-ADF83AFC5B85}.Debug|ARM64.Build.0 = Debug|ARM64
		{DF03E0F7-5B46-4EAB-8F4C-ADF83AFC5B85}.Debug|x64.ActiveCfg = Debug|x64
		{DF03E0F7-5B46-4EAB-8F4C-ADF83AFC5B85}.Debug|x64.Build.0 = Debug|x64
		{DF03E0F7-5B46-4EAB-8F4C-ADF83AFC5B85}.Debug|x86.ActiveCfg = Debug|x86
		{DF03E0F7-5B46-4EAB-8F4C-ADF83AFC5B85}.Debug|x86.Build.0 = Debug|x86
		{DF03E0F7-5B46-4EAB-8F4C-ADF83AFC5B85}.Release|ARM.ActiveCfg = Release|ARM
		{DF03E0F7-5B46-4EAB-8F4C-ADF83AFC5B85}.Release|ARM.Build.0 = Release|ARM
		{DF03E0F7-5B46-4EAB-8F4C-ADF83AFC5B85}.Release|ARM64.ActiveCfg = Release|ARM64
		{DF03E0F7-5B46-4EAB-8F4C-ADF83AFC5B85}.Release|ARM64.Build.0 = Release|ARM64
		{DF03E0F7-5B46-4EAB-8F4C-ADF83AFC5B85}.Release|x64.ActiveCfg = Release|x64
		{DF03E0F7-5B46-4EAB-8F4C-ADF83AFC5B85}.Release|x64.Build.0 = Release|x64
		{DF03E0F7-5B46-4EAB-8F4C-ADF83AFC5B85}.Release|x86.ActiveCfg = Release|x86
		{DF03E0F7-5B46-4EAB-8F4C-ADF83AFC5B85}.Release|x86.Build.0 = Release|x86
		{1A707294-4654-4976-8D67-964E42767CFB}.Debug|ARM.ActiveCfg = Debug|ARM
		{1A707294-4654-4976-8D67-964E42767CFB}.Debug|ARM.Build.0 = Debug|ARM
		{1A707294-4654-4976-8D67-964E42767CFB}.Debug|ARM64.ActiveCfg = Debug|ARM64
		{1A707294-4654-4976-8D67-964E42767CFB}.Debug|ARM64.Build.0 = Debug|ARM64
		{1A707294-4654-4976-8D67-964E42767CFB}.Debug|x64.ActiveCfg = Debug|x64
		{1A707294-4654-4976-8D67-964E42767CFB}.Debug|x64.Build.0 = Debug|x64
		{1A707294-4654-4976-8D67-964E42767CFB}.Debug|x86.ActiveCfg = Debug|x86
		{1A707294-4654-4976-8D67-964E42767CFB}.Debug|x86.Build.0 = Debug|x86
		{1A707294-4654-4976-8D67-964E42767CFB}.Release|ARM.ActiveCfg = Release|ARM
		{1A707294-4654-4976-8D67-964E42767CFB}.Release|ARM.Build.0 = Release|ARM
		{1A707294-4654-4976-8D67-964E42767CFB}.Release|ARM64.ActiveCfg = Release|ARM64
		{1A707294-4654-4976-8D67-964E42767CFB}.Release|ARM64.Build.0 = Release|ARM64
		{1A707294-4654-4976-8D67-964E42767CFB}.Release|x64.ActiveCfg = Release|x64
		{1A707294-4654-4976-8D67-964E42767CFB}.Release|x64.Build.0 = Release|x64
		{1A707294-4654-4976-8D67-964E42767CFB}.Release|x86.ActiveCfg = Release|x86
		{1A707294-4654-4976-8D67-964E42767CFB}.Release|x86.Build.0 = Release|x86
		{9A84850A-6A32-4B50-BF6D-8140FDC1BE74}.Debug|ARM.ActiveCfg = Debug|ARM
		{9A84850A-6A32-4B50-BF6D-8140FDC1BE74}.Debug|ARM.Build.0 = Debug|ARM
		{9A84850A-6A32-4B50-BF6D-8140FDC1BE74}.Debug|ARM64.ActiveCfg = Debug|ARM64
		{9A84850A-6A32-4B50-BF6D-8140FDC1BE74}.Debug|ARM64.Build.0 = Debug|ARM64
		{9A84850A-6A32-4B50-BF6D-8140FDC1BE74}.Debug|x64.ActiveCfg = Debug|x64
		{9A84850A-6A32-4B50-BF6D-8140FDC1BE74}.Debug|x64.Build.0 = Debug|x64
		{9A84850A-6A32-4B50-BF6D-8140FDC1BE74}.Debug|x86.ActiveCfg = Debug|x86
		{9A84850A-6A32-4B50-BF6D-8140FDC1BE74}.Debug|x86.Build.0 = Debug|x86
		{9A84850A-6A32-4B50-BF6D-8140FDC1BE74}.Release|ARM.ActiveCfg = Release|ARM
		{9A84850A-6A32-4B50-BF6D-8140FDC1BE74}.Release|ARM.Build.0 = Release|ARM
		{9A84850A-6A32-4B50-BF6D-8140FDC1BE74}.Release|ARM64.ActiveCfg = Release|ARM64
		{9A84850A-6A32-4B50-BF6D-8140FDC1BE74}.Release|ARM64.Build.0 = Release|ARM64
		{9A84850A-6A32-4B50-BF6D-8140FDC1BE74}.Release|x64.ActiveCfg = Release|x64
		{9A84850A-6A32-4B50-BF6D-8140FDC1BE74}.Release|x64.Build.0 = Release|x64
		{9A84850A-6A32-4B50-BF6D-8140FDC1BE74}.Release|x86.ActiveCfg = Release|x86
		{9A84850A-6A32-4B50-BF6D-8140FDC1BE74}.Release|x86.Build.0 = Release|x86
	EndGlobalSection
	GlobalSection(SolutionProperties) = preSolution
		HideSolutionNode = FALSE
	EndGlobalSection
	GlobalSection(ExtensibilityGlobals) = postSolution
		SolutionGuid = {BA02A309-C6EF-4962-9EC8-861E966C3C35}
	EndGlobalSection
EndGlobal
